// !$*UTF8*$!
{
	archiveVersion = 1;
	classes = {
	};
	objectVersion = 46;
	objects = {

/* Begin PBXBuildFile section */
		23A14DEA1D808A5200E91D2C /* AppDelegate.swift in Sources */ = {isa = PBXBuildFile; fileRef = 23A14DE91D808A5200E91D2C /* AppDelegate.swift */; };
		23A14DEC1D808A5200E91D2C /* RootViewController.swift in Sources */ = {isa = PBXBuildFile; fileRef = 23A14DEB1D808A5200E91D2C /* RootViewController.swift */; };
		23A14DEE1D808A5200E91D2C /* DataViewController.swift in Sources */ = {isa = PBXBuildFile; fileRef = 23A14DED1D808A5200E91D2C /* DataViewController.swift */; };
		23A14DF01D808A5200E91D2C /* ModelController.swift in Sources */ = {isa = PBXBuildFile; fileRef = 23A14DEF1D808A5200E91D2C /* ModelController.swift */; };
		23A14DF31D808A5200E91D2C /* Main.storyboard in Resources */ = {isa = PBXBuildFile; fileRef = 23A14DF11D808A5200E91D2C /* Main.storyboard */; };
		23A14DF51D808A5200E91D2C /* Assets.xcassets in Resources */ = {isa = PBXBuildFile; fileRef = 23A14DF41D808A5200E91D2C /* Assets.xcassets */; };
		23A14DF81D808A5200E91D2C /* LaunchScreen.storyboard in Resources */ = {isa = PBXBuildFile; fileRef = 23A14DF61D808A5200E91D2C /* LaunchScreen.storyboard */; };
		23A14E031D808A5200E91D2C /* Parking_BitolaTests.swift in Sources */ = {isa = PBXBuildFile; fileRef = 23A14E021D808A5200E91D2C /* Parking_BitolaTests.swift */; };
		23A14E0E1D808A5200E91D2C /* Parking_BitolaUITests.swift in Sources */ = {isa = PBXBuildFile; fileRef = 23A14E0D1D808A5200E91D2C /* Parking_BitolaUITests.swift */; };
/* End PBXBuildFile section */

/* Begin PBXContainerItemProxy section */
		23A14DFF1D808A5200E91D2C /* PBXContainerItemProxy */ = {
			isa = PBXContainerItemProxy;
			containerPortal = 23A14DDE1D808A5200E91D2C /* Project object */;
			proxyType = 1;
			remoteGlobalIDString = 23A14DE51D808A5200E91D2C;
			remoteInfo = "Parking Bitola";
		};
		23A14E0A1D808A5200E91D2C /* PBXContainerItemProxy */ = {
			isa = PBXContainerItemProxy;
			containerPortal = 23A14DDE1D808A5200E91D2C /* Project object */;
			proxyType = 1;
			remoteGlobalIDString = 23A14DE51D808A5200E91D2C;
			remoteInfo = "Parking Bitola";
		};
/* End PBXContainerItemProxy section */

/* Begin PBXFileReference section */
		23A14DE61D808A5200E91D2C /* Parking Bitola.app */ = {isa = PBXFileReference; explicitFileType = wrapper.application; includeInIndex = 0; path = "Parking Bitola.app"; sourceTree = BUILT_PRODUCTS_DIR; };
		23A14DE91D808A5200E91D2C /* AppDelegate.swift */ = {isa = PBXFileReference; lastKnownFileType = sourcecode.swift; path = AppDelegate.swift; sourceTree = "<group>"; };
		23A14DEB1D808A5200E91D2C /* RootViewController.swift */ = {isa = PBXFileReference; lastKnownFileType = sourcecode.swift; path = RootViewController.swift; sourceTree = "<group>"; };
		23A14DED1D808A5200E91D2C /* DataViewController.swift */ = {isa = PBXFileReference; lastKnownFileType = sourcecode.swift; path = DataViewController.swift; sourceTree = "<group>"; };
		23A14DEF1D808A5200E91D2C /* ModelController.swift */ = {isa = PBXFileReference; lastKnownFileType = sourcecode.swift; path = ModelController.swift; sourceTree = "<group>"; };
		23A14DF21D808A5200E91D2C /* Base */ = {isa = PBXFileReference; lastKnownFileType = file.storyboard; name = Base; path = Base.lproj/Main.storyboard; sourceTree = "<group>"; };
		23A14DF41D808A5200E91D2C /* Assets.xcassets */ = {isa = PBXFileReference; lastKnownFileType = folder.assetcatalog; path = Assets.xcassets; sourceTree = "<group>"; };
		23A14DF71D808A5200E91D2C /* Base */ = {isa = PBXFileReference; lastKnownFileType = file.storyboard; name = Base; path = Base.lproj/LaunchScreen.storyboard; sourceTree = "<group>"; };
		23A14DF91D808A5200E91D2C /* Info.plist */ = {isa = PBXFileReference; lastKnownFileType = text.plist.xml; path = Info.plist; sourceTree = "<group>"; };
		23A14DFE1D808A5200E91D2C /* Parking BitolaTests.xctest */ = {isa = PBXFileReference; explicitFileType = wrapper.cfbundle; includeInIndex = 0; path = "Parking BitolaTests.xctest"; sourceTree = BUILT_PRODUCTS_DIR; };
		23A14E021D808A5200E91D2C /* Parking_BitolaTests.swift */ = {isa = PBXFileReference; lastKnownFileType = sourcecode.swift; path = Parking_BitolaTests.swift; sourceTree = "<group>"; };
		23A14E041D808A5200E91D2C /* Info.plist */ = {isa = PBXFileReference; lastKnownFileType = text.plist.xml; path = Info.plist; sourceTree = "<group>"; };
		23A14E091D808A5200E91D2C /* Parking BitolaUITests.xctest */ = {isa = PBXFileReference; explicitFileType = wrapper.cfbundle; includeInIndex = 0; path = "Parking BitolaUITests.xctest"; sourceTree = BUILT_PRODUCTS_DIR; };
		23A14E0D1D808A5200E91D2C /* Parking_BitolaUITests.swift */ = {isa = PBXFileReference; lastKnownFileType = sourcecode.swift; path = Parking_BitolaUITests.swift; sourceTree = "<group>"; };
		23A14E0F1D808A5200E91D2C /* Info.plist */ = {isa = PBXFileReference; lastKnownFileType = text.plist.xml; path = Info.plist; sourceTree = "<group>"; };
/* End PBXFileReference section */

/* Begin PBXFrameworksBuildPhase section */
		23A14DE31D808A5200E91D2C /* Frameworks */ = {
			isa = PBXFrameworksBuildPhase;
			buildActionMask = 2147483647;
			files = (
			);
			runOnlyForDeploymentPostprocessing = 0;
		};
		23A14DFB1D808A5200E91D2C /* Frameworks */ = {
			isa = PBXFrameworksBuildPhase;
			buildActionMask = 2147483647;
			files = (
			);
			runOnlyForDeploymentPostprocessing = 0;
		};
		23A14E061D808A5200E91D2C /* Frameworks */ = {
			isa = PBXFrameworksBuildPhase;
			buildActionMask = 2147483647;
			files = (
			);
			runOnlyForDeploymentPostprocessing = 0;
		};
/* End PBXFrameworksBuildPhase section */

/* Begin PBXGroup section */
		23A14DDD1D808A5200E91D2C = {
			isa = PBXGroup;
			children = (
				23A14DE81D808A5200E91D2C /* Parking Bitola */,
				23A14E011D808A5200E91D2C /* Parking BitolaTests */,
				23A14E0C1D808A5200E91D2C /* Parking BitolaUITests */,
				23A14DE71D808A5200E91D2C /* Products */,
			);
			sourceTree = "<group>";
		};
		23A14DE71D808A5200E91D2C /* Products */ = {
			isa = PBXGroup;
			children = (
				23A14DE61D808A5200E91D2C /* Parking Bitola.app */,
				23A14DFE1D808A5200E91D2C /* Parking BitolaTests.xctest */,
				23A14E091D808A5200E91D2C /* Parking BitolaUITests.xctest */,
			);
			name = Products;
			sourceTree = "<group>";
		};
		23A14DE81D808A5200E91D2C /* Parking Bitola */ = {
			isa = PBXGroup;
			children = (
				23A14DE91D808A5200E91D2C /* AppDelegate.swift */,
				23A14DEB1D808A5200E91D2C /* RootViewController.swift */,
				23A14DED1D808A5200E91D2C /* DataViewController.swift */,
				23A14DEF1D808A5200E91D2C /* ModelController.swift */,
				23A14DF11D808A5200E91D2C /* Main.storyboard */,
				23A14DF41D808A5200E91D2C /* Assets.xcassets */,
				23A14DF61D808A5200E91D2C /* LaunchScreen.storyboard */,
				23A14DF91D808A5200E91D2C /* Info.plist */,
			);
			path = "Parking Bitola";
			sourceTree = "<group>";
		};
		23A14E011D808A5200E91D2C /* Parking BitolaTests */ = {
			isa = PBXGroup;
			children = (
				23A14E021D808A5200E91D2C /* Parking_BitolaTests.swift */,
				23A14E041D808A5200E91D2C /* Info.plist */,
			);
			path = "Parking BitolaTests";
			sourceTree = "<group>";
		};
		23A14E0C1D808A5200E91D2C /* Parking BitolaUITests */ = {
			isa = PBXGroup;
			children = (
				23A14E0D1D808A5200E91D2C /* Parking_BitolaUITests.swift */,
				23A14E0F1D808A5200E91D2C /* Info.plist */,
			);
			path = "Parking BitolaUITests";
			sourceTree = "<group>";
		};
/* End PBXGroup section */

/* Begin PBXNativeTarget section */
		23A14DE51D808A5200E91D2C /* Parking Bitola */ = {
			isa = PBXNativeTarget;
			buildConfigurationList = 23A14E121D808A5200E91D2C /* Build configuration list for PBXNativeTarget "Parking Bitola" */;
			buildPhases = (
				23A14DE21D808A5200E91D2C /* Sources */,
				23A14DE31D808A5200E91D2C /* Frameworks */,
				23A14DE41D808A5200E91D2C /* Resources */,
			);
			buildRules = (
			);
			dependencies = (
			);
			name = "Parking Bitola";
			productName = "Parking Bitola";
			productReference = 23A14DE61D808A5200E91D2C /* Parking Bitola.app */;
			productType = "com.apple.product-type.application";
		};
		23A14DFD1D808A5200E91D2C /* Parking BitolaTests */ = {
			isa = PBXNativeTarget;
			buildConfigurationList = 23A14E151D808A5200E91D2C /* Build configuration list for PBXNativeTarget "Parking BitolaTests" */;
			buildPhases = (
				23A14DFA1D808A5200E91D2C /* Sources */,
				23A14DFB1D808A5200E91D2C /* Frameworks */,
				23A14DFC1D808A5200E91D2C /* Resources */,
			);
			buildRules = (
			);
			dependencies = (
				23A14E001D808A5200E91D2C /* PBXTargetDependency */,
			);
			name = "Parking BitolaTests";
			productName = "Parking BitolaTests";
			productReference = 23A14DFE1D808A5200E91D2C /* Parking BitolaTests.xctest */;
			productType = "com.apple.product-type.bundle.unit-test";
		};
		23A14E081D808A5200E91D2C /* Parking BitolaUITests */ = {
			isa = PBXNativeTarget;
			buildConfigurationList = 23A14E181D808A5200E91D2C /* Build configuration list for PBXNativeTarget "Parking BitolaUITests" */;
			buildPhases = (
				23A14E051D808A5200E91D2C /* Sources */,
				23A14E061D808A5200E91D2C /* Frameworks */,
				23A14E071D808A5200E91D2C /* Resources */,
			);
			buildRules = (
			);
			dependencies = (
				23A14E0B1D808A5200E91D2C /* PBXTargetDependency */,
			);
			name = "Parking BitolaUITests";
			productName = "Parking BitolaUITests";
			productReference = 23A14E091D808A5200E91D2C /* Parking BitolaUITests.xctest */;
			productType = "com.apple.product-type.bundle.ui-testing";
		};
/* End PBXNativeTarget section */

/* Begin PBXProject section */
		23A14DDE1D808A5200E91D2C /* Project object */ = {
			isa = PBXProject;
			attributes = {
				LastSwiftUpdateCheck = 0730;
				LastUpgradeCheck = 0730;
				ORGANIZATIONNAME = "Aleksandar Ruzin";
				TargetAttributes = {
					23A14DE51D808A5200E91D2C = {
						CreatedOnToolsVersion = 7.3.1;
					};
					23A14DFD1D808A5200E91D2C = {
						CreatedOnToolsVersion = 7.3.1;
						TestTargetID = 23A14DE51D808A5200E91D2C;
					};
					23A14E081D808A5200E91D2C = {
						CreatedOnToolsVersion = 7.3.1;
						TestTargetID = 23A14DE51D808A5200E91D2C;
					};
				};
			};
			buildConfigurationList = 23A14DE11D808A5200E91D2C /* Build configuration list for PBXProject "Parking Bitola" */;
			compatibilityVersion = "Xcode 3.2";
			developmentRegion = English;
			hasScannedForEncodings = 0;
			knownRegions = (
				en,
				Base,
			);
			mainGroup = 23A14DDD1D808A5200E91D2C;
			productRefGroup = 23A14DE71D808A5200E91D2C /* Products */;
			projectDirPath = "";
			projectRoot = "";
			targets = (
				23A14DE51D808A5200E91D2C /* Parking Bitola */,
				23A14DFD1D808A5200E91D2C /* Parking BitolaTests */,
				23A14E081D808A5200E91D2C /* Parking BitolaUITests */,
			);
		};
/* End PBXProject section */

/* Begin PBXResourcesBuildPhase section */
		23A14DE41D808A5200E91D2C /* Resources */ = {
			isa = PBXResourcesBuildPhase;
			buildActionMask = 2147483647;
			files = (
				23A14DF81D808A5200E91D2C /* LaunchScreen.storyboard in Resources */,
				23A14DF51D808A5200E91D2C /* Assets.xcassets in Resources */,
				23A14DF31D808A5200E91D2C /* Main.storyboard in Resources */,
			);
			runOnlyForDeploymentPostprocessing = 0;
		};
		23A14DFC1D808A5200E91D2C /* Resources */ = {
			isa = PBXResourcesBuildPhase;
			buildActionMask = 2147483647;
			files = (
			);
			runOnlyForDeploymentPostprocessing = 0;
		};
		23A14E071D808A5200E91D2C /* Resources */ = {
			isa = PBXResourcesBuildPhase;
			buildActionMask = 2147483647;
			files = (
			);
			runOnlyForDeploymentPostprocessing = 0;
		};
/* End PBXResourcesBuildPhase section */

/* Begin PBXSourcesBuildPhase section */
		23A14DE21D808A5200E91D2C /* Sources */ = {
			isa = PBXSourcesBuildPhase;
			buildActionMask = 2147483647;
			files = (
				23A14DEC1D808A5200E91D2C /* RootViewController.swift in Sources */,
				23A14DF01D808A5200E91D2C /* ModelController.swift in Sources */,
				23A14DEE1D808A5200E91D2C /* DataViewController.swift in Sources */,
				23A14DEA1D808A5200E91D2C /* AppDelegate.swift in Sources */,
			);
			runOnlyForDeploymentPostprocessing = 0;
		};
		23A14DFA1D808A5200E91D2C /* Sources */ = {
			isa = PBXSourcesBuildPhase;
			buildActionMask = 2147483647;
			files = (
				23A14E031D808A5200E91D2C /* Parking_BitolaTests.swift in Sources */,
			);
			runOnlyForDeploymentPostprocessing = 0;
		};
		23A14E051D808A5200E91D2C /* Sources */ = {
			isa = PBXSourcesBuildPhase;
			buildActionMask = 2147483647;
			files = (
				23A14E0E1D808A5200E91D2C /* Parking_BitolaUITests.swift in Sources */,
			);
			runOnlyForDeploymentPostprocessing = 0;
		};
/* End PBXSourcesBuildPhase section */

/* Begin PBXTargetDependency section */
		23A14E001D808A5200E91D2C /* PBXTargetDependency */ = {
			isa = PBXTargetDependency;
			target = 23A14DE51D808A5200E91D2C /* Parking Bitola */;
			targetProxy = 23A14DFF1D808A5200E91D2C /* PBXContainerItemProxy */;
		};
		23A14E0B1D808A5200E91D2C /* PBXTargetDependency */ = {
			isa = PBXTargetDependency;
			target = 23A14DE51D808A5200E91D2C /* Parking Bitola */;
			targetProxy = 23A14E0A1D808A5200E91D2C /* PBXContainerItemProxy */;
		};
/* End PBXTargetDependency section */

/* Begin PBXVariantGroup section */
		23A14DF11D808A5200E91D2C /* Main.storyboard */ = {
			isa = PBXVariantGroup;
			children = (
				23A14DF21D808A5200E91D2C /* Base */,
			);
			name = Main.storyboard;
			sourceTree = "<group>";
		};
		23A14DF61D808A5200E91D2C /* LaunchScreen.storyboard */ = {
			isa = PBXVariantGroup;
			children = (
				23A14DF71D808A5200E91D2C /* Base */,
			);
			name = LaunchScreen.storyboard;
			sourceTree = "<group>";
		};
/* End PBXVariantGroup section */

/* Begin XCBuildConfiguration section */
		23A14E101D808A5200E91D2C /* Debug */ = {
			isa = XCBuildConfiguration;
			buildSettings = {
				ALWAYS_SEARCH_USER_PATHS = NO;
				CLANG_ANALYZER_NONNULL = YES;
				CLANG_CXX_LANGUAGE_STANDARD = "gnu++0x";
				CLANG_CXX_LIBRARY = "libc++";
				CLANG_ENABLE_MODULES = YES;
				CLANG_ENABLE_OBJC_ARC = YES;
				CLANG_WARN_BOOL_CONVERSION = YES;
				CLANG_WARN_CONSTANT_CONVERSION = YES;
				CLANG_WARN_DIRECT_OBJC_ISA_USAGE = YES_ERROR;
				CLANG_WARN_EMPTY_BODY = YES;
				CLANG_WARN_ENUM_CONVERSION = YES;
				CLANG_WARN_INT_CONVERSION = YES;
				CLANG_WARN_OBJC_ROOT_CLASS = YES_ERROR;
				CLANG_WARN_UNREACHABLE_CODE = YES;
				CLANG_WARN__DUPLICATE_METHOD_MATCH = YES;
				"CODE_SIGN_IDENTITY[sdk=iphoneos*]" = "iPhone Developer";
				COPY_PHASE_STRIP = NO;
				DEBUG_INFORMATION_FORMAT = dwarf;
				ENABLE_STRICT_OBJC_MSGSEND = YES;
				ENABLE_TESTABILITY = YES;
				GCC_C_LANGUAGE_STANDARD = gnu99;
				GCC_DYNAMIC_NO_PIC = NO;
				GCC_NO_COMMON_BLOCKS = YES;
				GCC_OPTIMIZATION_LEVEL = 0;
				GCC_PREPROCESSOR_DEFINITIONS = (
					"DEBUG=1",
					"$(inherited)",
				);
				GCC_WARN_64_TO_32_BIT_CONVERSION = YES;
				GCC_WARN_ABOUT_RETURN_TYPE = YES_ERROR;
				GCC_WARN_UNDECLARED_SELECTOR = YES;
				GCC_WARN_UNINITIALIZED_AUTOS = YES_AGGRESSIVE;
				GCC_WARN_UNUSED_FUNCTION = YES;
				GCC_WARN_UNUSED_VARIABLE = YES;
				IPHONEOS_DEPLOYMENT_TARGET = 9.3;
				MTL_ENABLE_DEBUG_INFO = YES;
				ONLY_ACTIVE_ARCH = YES;
				SDKROOT = iphoneos;
				SWIFT_OPTIMIZATION_LEVEL = "-Onone";
				TARGETED_DEVICE_FAMILY = "1,2";
			};
			name = Debug;
		};
		23A14E111D808A5200E91D2C /* Release */ = {
			isa = XCBuildConfiguration;
			buildSettings = {
				ALWAYS_SEARCH_USER_PATHS = NO;
				CLANG_ANALYZER_NONNULL = YES;
				CLANG_CXX_LANGUAGE_STANDARD = "gnu++0x";
				CLANG_CXX_LIBRARY = "libc++";
				CLANG_ENABLE_MODULES = YES;
				CLANG_ENABLE_OBJC_ARC = YES;
				CLANG_WARN_BOOL_CONVERSION = YES;
				CLANG_WARN_CONSTANT_CONVERSION = YES;
				CLANG_WARN_DIRECT_OBJC_ISA_USAGE = YES_ERROR;
				CLANG_WARN_EMPTY_BODY = YES;
				CLANG_WARN_ENUM_CONVERSION = YES;
				CLANG_WARN_INT_CONVERSION = YES;
				CLANG_WARN_OBJC_ROOT_CLASS = YES_ERROR;
				CLANG_WARN_UNREACHABLE_CODE = YES;
				CLANG_WARN__DUPLICATE_METHOD_MATCH = YES;
				"CODE_SIGN_IDENTITY[sdk=iphoneos*]" = "iPhone Developer";
				COPY_PHASE_STRIP = NO;
				DEBUG_INFORMATION_FORMAT = "dwarf-with-dsym";
				ENABLE_NS_ASSERTIONS = NO;
				ENABLE_STRICT_OBJC_MSGSEND = YES;
				GCC_C_LANGUAGE_STANDARD = gnu99;
				GCC_NO_COMMON_BLOCKS = YES;
				GCC_WARN_64_TO_32_BIT_CONVERSION = YES;
				GCC_WARN_ABOUT_RETURN_TYPE = YES_ERROR;
				GCC_WARN_UNDECLARED_SELECTOR = YES;
				GCC_WARN_UNINITIALIZED_AUTOS = YES_AGGRESSIVE;
				GCC_WARN_UNUSED_FUNCTION = YES;
				GCC_WARN_UNUSED_VARIABLE = YES;
				IPHONEOS_DEPLOYMENT_TARGET = 9.3;
				MTL_ENABLE_DEBUG_INFO = NO;
				SDKROOT = iphoneos;
				TARGETED_DEVICE_FAMILY = "1,2";
				VALIDATE_PRODUCT = YES;
			};
			name = Release;
		};
		23A14E131D808A5200E91D2C /* Debug */ = {
			isa = XCBuildConfiguration;
			buildSettings = {
				ASSETCATALOG_COMPILER_APPICON_NAME = AppIcon;
				INFOPLIST_FILE = "Parking Bitola/Info.plist";
				LD_RUNPATH_SEARCH_PATHS = "$(inherited) @executable_path/Frameworks";
				PRODUCT_BUNDLE_IDENTIFIER = "com.bfx.Parking-Bitola";
				PRODUCT_NAME = "$(TARGET_NAME)";
			};
			name = Debug;
		};
		23A14E141D808A5200E91D2C /* Release */ = {
			isa = XCBuildConfiguration;
			buildSettings = {
				ASSETCATALOG_COMPILER_APPICON_NAME = AppIcon;
				INFOPLIST_FILE = "Parking Bitola/Info.plist";
				LD_RUNPATH_SEARCH_PATHS = "$(inherited) @executable_path/Frameworks";
				PRODUCT_BUNDLE_IDENTIFIER = "com.bfx.Parking-Bitola";
				PRODUCT_NAME = "$(TARGET_NAME)";
			};
			name = Release;
		};
		23A14E161D808A5200E91D2C /* Debug */ = {
			isa = XCBuildConfiguration;
			buildSettings = {
				BUNDLE_LOADER = "$(TEST_HOST)";
				INFOPLIST_FILE = "Parking BitolaTests/Info.plist";
				LD_RUNPATH_SEARCH_PATHS = "$(inherited) @executable_path/Frameworks @loader_path/Frameworks";
				PRODUCT_BUNDLE_IDENTIFIER = "com.bfx.Parking-BitolaTests";
				PRODUCT_NAME = "$(TARGET_NAME)";
				TEST_HOST = "$(BUILT_PRODUCTS_DIR)/Parking Bitola.app/Parking Bitola";
			};
			name = Debug;
		};
		23A14E171D808A5200E91D2C /* Release */ = {
			isa = XCBuildConfiguration;
			buildSettings = {
				BUNDLE_LOADER = "$(TEST_HOST)";
				INFOPLIST_FILE = "Parking BitolaTests/Info.plist";
				LD_RUNPATH_SEARCH_PATHS = "$(inherited) @executable_path/Frameworks @loader_path/Frameworks";
				PRODUCT_BUNDLE_IDENTIFIER = "com.bfx.Parking-BitolaTests";
				PRODUCT_NAME = "$(TARGET_NAME)";
				TEST_HOST = "$(BUILT_PRODUCTS_DIR)/Parking Bitola.app/Parking Bitola";
			};
			name = Release;
		};
		23A14E191D808A5200E91D2C /* Debug */ = {
			isa = XCBuildConfiguration;
			buildSettings = {
				INFOPLIST_FILE = "Parking BitolaUITests/Info.plist";
				LD_RUNPATH_SEARCH_PATHS = "$(inherited) @executable_path/Frameworks @loader_path/Frameworks";
				PRODUCT_BUNDLE_IDENTIFIER = "com.bfx.Parking-BitolaUITests";
				PRODUCT_NAME = "$(TARGET_NAME)";
				TEST_TARGET_NAME = "Parking Bitola";
			};
			name = Debug;
		};
		23A14E1A1D808A5200E91D2C /* Release */ = {
			isa = XCBuildConfiguration;
			buildSettings = {
				INFOPLIST_FILE = "Parking BitolaUITests/Info.plist";
				LD_RUNPATH_SEARCH_PATHS = "$(inherited) @executable_path/Frameworks @loader_path/Frameworks";
				PRODUCT_BUNDLE_IDENTIFIER = "com.bfx.Parking-BitolaUITests";
				PRODUCT_NAME = "$(TARGET_NAME)";
				TEST_TARGET_NAME = "Parking Bitola";
			};
			name = Release;
		};
/* End XCBuildConfiguration section */

/* Begin XCConfigurationList section */
		23A14DE11D808A5200E91D2C /* Build configuration list for PBXProject "Parking Bitola" */ = {
			isa = XCConfigurationList;
			buildConfigurations = (
				23A14E101D808A5200E91D2C /* Debug */,
				23A14E111D808A5200E91D2C /* Release */,
			);
			defaultConfigurationIsVisible = 0;
			defaultConfigurationName = Release;
		};
		23A14E121D808A5200E91D2C /* Build configuration list for PBXNativeTarget "Parking Bitola" */ = {
			isa = XCConfigurationList;
			buildConfigurations = (
				23A14E131D808A5200E91D2C /* Debug */,
				23A14E141D808A5200E91D2C /* Release */,
			);
			defaultConfigurationIsVisible = 0;
		};
		23A14E151D808A5200E91D2C /* Build configuration list for PBXNativeTarget "Parking BitolaTests" */ = {
			isa = XCConfigurationList;
			buildConfigurations = (
				23A14E161D808A5200E91D2C /* Debug */,
				23A14E171D808A5200E91D2C /* Release */,
			);
			defaultConfigurationIsVisible = 0;
		};
		23A14E181D808A5200E91D2C /* Build configuration list for PBXNativeTarget "Parking BitolaUITests" */ = {
			isa = XCConfigurationList;
			buildConfigurations = (
				23A14E191D808A5200E91D2C /* Debug */,
				23A14E1A1D808A5200E91D2C /* Release */,
			);
			defaultConfigurationIsVisible = 0;
		};
/* End XCConfigurationList section */
	};
	rootObject = 23A14DDE1D808A5200E91D2C /* Project object */;
}
